
Microsoft Visual Studio Solution File, Format Version 12.00
# Visual Studio Version 16
VisualStudioVersion = 16.0.31911.196
MinimumVisualStudioVersion = 10.0.40219.1
Project("{FAE04EC0-301F-11D3-BF4B-00C04F79EFBC}") = "HVAC_Program", "HVAC_Program.csproj", "{406F0BB6-1AFC-4C99-A368-D48CBBE432DD}"
EndProject
Global
	GlobalSection(SolutionConfigurationPlatforms) = preSolution
		Debug|Any CPU = Debug|Any CPU
		Release|Any CPU = Release|Any CPU
	EndGlobalSection
	GlobalSection(ProjectConfigurationPlatforms) = postSolution
		{406F0BB6-1AFC-4C99-A368-D48CBBE432DD}.Debug|Any CPU.ActiveCfg = Debug|Any CPU
		{406F0BB6-1AFC-4C99-A368-D48CBBE432DD}.Debug|Any CPU.Build.0 = Debug|Any CPU
		{406F0BB6-1AFC-4C99-A368-D48CBBE432DD}.Release|Any CPU.ActiveCfg = Release|Any CPU
		{406F0BB6-1AFC-4C99-A368-D48CBBE432DD}.Release|Any CPU.Build.0 = Release|Any CPU
	EndGlobalSection
	GlobalSection(SolutionProperties) = preSolution
		HideSolutionNode = FALSE
	EndGlobalSection
	GlobalSection(ExtensibilityGlobals) = postSolution
		SolutionGuid = {C7CE5791-D769-4C22-B57F-7526E37672DC}
	EndGlobalSection
EndGlobal
